
Microsoft Visual Studio Solution File, Format Version 12.00
# Visual Studio Version 17
VisualStudioVersion = 17.14.36908.2
MinimumVisualStudioVersion = 10.0.40219.1
Project("{8BC9CEB8-8B4A-11D0-8D11-00A0C91BC942}") = "Sample", "Sample\Sample.vcxproj", "{CB7B4A86-FDF1-32E7-6C7F-6AA99A89FDCB}"
EndProject
Project("{8BC9CEB8-8B4A-11D0-8D11-00A0C91BC942}") = "Booster", "Booster\Booster.vcxproj", "{22686093-E60E-65A8-02DD-C94225B94EAA}"
EndProject
Project("{8BC9CEB8-8B4A-11D0-8D11-00A0C91BC942}") = "Boost", "Boost\Boost.vcxproj", "{ABE1FC3F-E362-4F2D-BC8F-826426D673F0}"
EndProject
Project("{8BC9CEB8-8B4A-11D0-8D11-00A0C91BC942}") = "Zero", "Zero\Zero.vcxproj", "{20A89D59-E07D-7B62-4C54-F6F8EF227B6F}"
EndProject
Project("{8BC9CEB8-8B4A-11D0-8D11-00A0C91BC942}") = "ZeroTest", "ZeroTest\ZeroTest.vcxproj", "{BF97F310-476B-4C03-8BDC-A43B0A85C911}"
EndProject
Global
	GlobalSection(SolutionConfigurationPlatforms) = preSolution
		Debug|ARM64 = Debug|ARM64
		Debug|x64 = Debug|x64
		Release|ARM64 = Release|ARM64
		Release|x64 = Release|x64
	EndGlobalSection
	GlobalSection(ProjectConfigurationPlatforms) = postSolution
		{CB7B4A86-FDF1-32E7-6C7F-6AA99A89FDCB}.Debug|ARM64.ActiveCfg = Debug|ARM64
		{CB7B4A86-FDF1-32E7-6C7F-6AA99A89FDCB}.Debug|ARM64.Build.0 = Debug|ARM64
		{CB7B4A86-FDF1-32E7-6C7F-6AA99A89FDCB}.Debug|ARM64.Deploy.0 = Debug|ARM64
		{CB7B4A86-FDF1-32E7-6C7F-6AA99A89FDCB}.Debug|x64.ActiveCfg = Debug|x64
		{CB7B4A86-FDF1-32E7-6C7F-6AA99A89FDCB}.Debug|x64.Build.0 = Debug|x64
		{CB7B4A86-FDF1-32E7-6C7F-6AA99A89FDCB}.Debug|x64.Deploy.0 = Debug|x64
		{CB7B4A86-FDF1-32E7-6C7F-6AA99A89FDCB}.Release|ARM64.ActiveCfg = Release|ARM64
		{CB7B4A86-FDF1-32E7-6C7F-6AA99A89FDCB}.Release|ARM64.Build.0 = Release|ARM64
		{CB7B4A86-FDF1-32E7-6C7F-6AA99A89FDCB}.Release|ARM64.Deploy.0 = Release|ARM64
		{CB7B4A86-FDF1-32E7-6C7F-6AA99A89FDCB}.Release|x64.ActiveCfg = Release|x64
		{CB7B4A86-FDF1-32E7-6C7F-6AA99A89FDCB}.Release|x64.Build.0 = Release|x64
		{CB7B4A86-FDF1-32E7-6C7F-6AA99A89FDCB}.Release|x64.Deploy.0 = Release|x64
		{22686093-E60E-65A8-02DD-C94225B94EAA}.Debug|ARM64.ActiveCfg = Debug|ARM64
		{22686093-E60E-65A8-02DD-C94225B94EAA}.Debug|ARM64.Build.0 = Debug|ARM64
		{22686093-E60E-65A8-02DD-C94225B94EAA}.Debug|ARM64.Deploy.0 = Debug|ARM64
		{22686093-E60E-65A8-02DD-C94225B94EAA}.Debug|x64.ActiveCfg = Debug|x64
		{22686093-E60E-65A8-02DD-C94225B94EAA}.Debug|x64.Build.0 = Debug|x64
		{22686093-E60E-65A8-02DD-C94225B94EAA}.Debug|x64.Deploy.0 = Debug|x64
		{22686093-E60E-65A8-02DD-C94225B94EAA}.Release|ARM64.ActiveCfg = Release|ARM64
		{22686093-E60E-65A8-02DD-C94225B94EAA}.Release|ARM64.Build.0 = Release|ARM64
		{22686093-E60E-65A8-02DD-C94225B94EAA}.Release|ARM64.Deploy.0 = Release|ARM64
		{22686093-E60E-65A8-02DD-C94225B94EAA}.Release|x64.ActiveCfg = Release|x64
		{22686093-E60E-65A8-02DD-C94225B94EAA}.Release|x64.Build.0 = Release|x64
		{22686093-E60E-65A8-02DD-C94225B94EAA}.Release|x64.Deploy.0 = Release|x64
		{ABE1FC3F-E362-4F2D-BC8F-826426D673F0}.Debug|ARM64.ActiveCfg = Debug|x64
		{ABE1FC3F-E362-4F2D-BC8F-826426D673F0}.Debug|ARM64.Build.0 = Debug|x64
		{ABE1FC3F-E362-4F2D-BC8F-826426D673F0}.Debug|x64.ActiveCfg = Debug|x64
		{ABE1FC3F-E362-4F2D-BC8F-826426D673F0}.Debug|x64.Build.0 = Debug|x64
		{ABE1FC3F-E362-4F2D-BC8F-826426D673F0}.Release|ARM64.ActiveCfg = Release|x64
		{ABE1FC3F-E362-4F2D-BC8F-826426D673F0}.Release|ARM64.Build.0 = Release|x64
		{ABE1FC3F-E362-4F2D-BC8F-826426D673F0}.Release|x64.ActiveCfg = Release|x64
		{ABE1FC3F-E362-4F2D-BC8F-826426D673F0}.Release|x64.Build.0 = Release|x64
		{20A89D59-E07D-7B62-4C54-F6F8EF227B6F}.Debug|ARM64.ActiveCfg = Debug|ARM64
		{20A89D59-E07D-7B62-4C54-F6F8EF227B6F}.Debug|ARM64.Build.0 = Debug|ARM64
		{20A89D59-E07D-7B62-4C54-F6F8EF227B6F}.Debug|ARM64.Deploy.0 = Debug|ARM64
		{20A89D59-E07D-7B62-4C54-F6F8EF227B6F}.Debug|x64.ActiveCfg = Debug|x64
		{20A89D59-E07D-7B62-4C54-F6F8EF227B6F}.Debug|x64.Build.0 = Debug|x64
		{20A89D59-E07D-7B62-4C54-F6F8EF227B6F}.Debug|x64.Deploy.0 = Debug|x64
		{20A89D59-E07D-7B62-4C54-F6F8EF227B6F}.Release|ARM64.ActiveCfg = Release|ARM64
		{20A89D59-E07D-7B62-4C54-F6F8EF227B6F}.Release|ARM64.Build.0 = Release|ARM64
		{20A89D59-E07D-7B62-4C54-F6F8EF227B6F}.Release|ARM64.Deploy.0 = Release|ARM64
		{20A89D59-E07D-7B62-4C54-F6F8EF227B6F}.Release|x64.ActiveCfg = Release|x64
		{20A89D59-E07D-7B62-4C54-F6F8EF227B6F}.Release|x64.Build.0 = Release|x64
		{20A89D59-E07D-7B62-4C54-F6F8EF227B6F}.Release|x64.Deploy.0 = Release|x64
		{BF97F310-476B-4C03-8BDC-A43B0A85C911}.Debug|ARM64.ActiveCfg = Debug|x64
		{BF97F310-476B-4C03-8BDC-A43B0A85C911}.Debug|ARM64.Build.0 = Debug|x64
		{BF97F310-476B-4C03-8BDC-A43B0A85C911}.Debug|x64.ActiveCfg = Debug|x64
		{BF97F310-476B-4C03-8BDC-A43B0A85C911}.Debug|x64.Build.0 = Debug|x64
		{BF97F310-476B-4C03-8BDC-A43B0A85C911}.Release|ARM64.ActiveCfg = Release|x64
		{BF97F310-476B-4C03-8BDC-A43B0A85C911}.Release|ARM64.Build.0 = Release|x64
		{BF97F310-476B-4C03-8BDC-A43B0A85C911}.Release|x64.ActiveCfg = Release|x64
		{BF97F310-476B-4C03-8BDC-A43B0A85C911}.Release|x64.Build.0 = Release|x64
	EndGlobalSection
	GlobalSection(SolutionProperties) = preSolution
		HideSolutionNode = FALSE
	EndGlobalSection
	GlobalSection(ExtensibilityGlobals) = postSolution
		SolutionGuid = {AF691852-7C9F-4287-BADA-F9294CEFE45D}
	EndGlobalSection
EndGlobal
